
Microsoft Visual Studio Solution File, Format Version 12.00
# Visual Studio Version 17
VisualStudioVersion = 17.8.34330.188
MinimumVisualStudioVersion = 10.0.40219.1
Project("{D2ABAB84-BF74-430A-B69E-9DC6D40DDA17}") = "MultidimensionalProject1", "MultidimensionalProject1\MultidimensionalProject1.dwproj", "{455A2623-9546-4566-820B-C628647280F9}"
EndProject
Global
	GlobalSection(SolutionConfigurationPlatforms) = preSolution
		Development|Default = Development|Default
	EndGlobalSection
	GlobalSection(ProjectConfigurationPlatforms) = postSolution
		{455A2623-9546-4566-820B-C628647280F9}.Development|Default.ActiveCfg = Development
		{455A2623-9546-4566-820B-C628647280F9}.Development|Default.Build.0 = Development
		{455A2623-9546-4566-820B-C628647280F9}.Development|Default.Deploy.0 = Development
	EndGlobalSection
	GlobalSection(SolutionProperties) = preSolution
		HideSolutionNode = FALSE
	EndGlobalSection
	GlobalSection(ExtensibilityGlobals) = postSolution
		SolutionGuid = {5518BF70-3F15-49DC-AD87-1DCF70F46FEE}
	EndGlobalSection
EndGlobal
