
Microsoft Visual Studio Solution File, Format Version 12.00
# Visual Studio Version 17
VisualStudioVersion = 17.8.34330.188
MinimumVisualStudioVersion = 10.0.40219.1
Project("{F14B399A-7131-4C87-9E4B-1186C45EF12D}") = "Report Project1", "Report Project1\Report Project1.rptproj", "{D29684CC-E672-436D-91D0-7848C46EA611}"
EndProject
Global
	GlobalSection(SolutionConfigurationPlatforms) = preSolution
		Debug|Default = Debug|Default
		DebugLocal|Default = DebugLocal|Default
		Release|Default = Release|Default
	EndGlobalSection
	GlobalSection(ProjectConfigurationPlatforms) = postSolution
		{D29684CC-E672-436D-91D0-7848C46EA611}.Debug|Default.ActiveCfg = Debug
		{D29684CC-E672-436D-91D0-7848C46EA611}.Debug|Default.Build.0 = Debug
		{D29684CC-E672-436D-91D0-7848C46EA611}.Debug|Default.Deploy.0 = Debug
		{D29684CC-E672-436D-91D0-7848C46EA611}.DebugLocal|Default.ActiveCfg = DebugLocal
		{D29684CC-E672-436D-91D0-7848C46EA611}.DebugLocal|Default.Build.0 = DebugLocal
		{D29684CC-E672-436D-91D0-7848C46EA611}.Release|Default.ActiveCfg = Release
		{D29684CC-E672-436D-91D0-7848C46EA611}.Release|Default.Build.0 = Release
		{D29684CC-E672-436D-91D0-7848C46EA611}.Release|Default.Deploy.0 = Release
	EndGlobalSection
	GlobalSection(SolutionProperties) = preSolution
		HideSolutionNode = FALSE
	EndGlobalSection
	GlobalSection(ExtensibilityGlobals) = postSolution
		SolutionGuid = {7AEAB71B-CFA3-4D77-97FF-09C1441B75D1}
	EndGlobalSection
EndGlobal
