
Microsoft Visual Studio Solution File, Format Version 12.00
# Visual Studio Version 17
VisualStudioVersion = 17.8.34330.188
MinimumVisualStudioVersion = 10.0.40219.1
Project("{D2ABAB84-BF74-430A-B69E-9DC6D40DDA17}") = "SecondTimeFirstTask", "SecondTimeFirstTask\SecondTimeFirstTask.dwproj", "{6C68EE46-84B4-49A9-AB30-A2F8F3E2F4CA}"
EndProject
Global
	GlobalSection(SolutionConfigurationPlatforms) = preSolution
		Development|Default = Development|Default
	EndGlobalSection
	GlobalSection(ProjectConfigurationPlatforms) = postSolution
		{6C68EE46-84B4-49A9-AB30-A2F8F3E2F4CA}.Development|Default.ActiveCfg = Development
		{6C68EE46-84B4-49A9-AB30-A2F8F3E2F4CA}.Development|Default.Build.0 = Development
		{6C68EE46-84B4-49A9-AB30-A2F8F3E2F4CA}.Development|Default.Deploy.0 = Development
	EndGlobalSection
	GlobalSection(SolutionProperties) = preSolution
		HideSolutionNode = FALSE
	EndGlobalSection
	GlobalSection(ExtensibilityGlobals) = postSolution
		SolutionGuid = {F598EA6B-BC60-4046-AE68-DA040C96B53E}
	EndGlobalSection
EndGlobal
